
Microsoft Visual Studio Solution File, Format Version 12.00
# Visual Studio Version 17
VisualStudioVersion = 17.5.002.0
MinimumVisualStudioVersion = 10.0.40219.1
Project("{9A19103F-16F7-4668-BE54-9A1E7A4F7556}") = "Visualizesse.API", "Visualizesse.API\Visualizesse.API.csproj", "{CFB64B37-E72D-41EA-A324-1E2B605BE0E4}"
EndProject
Project("{FAE04EC0-301F-11D3-BF4B-00C04F79EFBC}") = "Visualizesse.Domain", "Visualizesse.Domain\Visualizesse.Domain.csproj", "{67274603-A3E3-4477-8853-A5E2539CFF95}"
EndProject
Project("{FAE04EC0-301F-11D3-BF4B-00C04F79EFBC}") = "Visualizesse.Service", "Visualizesse.Service\Visualizesse.Service.csproj", "{67527C1E-9BF5-410F-B4E8-70847721CE25}"
EndProject
Project("{FAE04EC0-301F-11D3-BF4B-00C04F79EFBC}") = "Visualizesse.Infrastructure", "Visualizesse.Infrastructure\Visualizesse.Infrastructure.csproj", "{3532A030-AA0E-4987-98E1-8563B4B9CCE0}"
EndProject
Project("{FAE04EC0-301F-11D3-BF4B-00C04F79EFBC}") = "PoupaGasto.IntegrationTest", "PoupaGasto.IntegrationTest\PoupaGasto.IntegrationTest.csproj", "{7805B13F-0B51-4D19-89FC-6F95866871E6}"
EndProject
Project("{FAE04EC0-301F-11D3-BF4B-00C04F79EFBC}") = "PoupaGasto.UnitTest", "PoupaGasto.UnitTest\PoupaGasto.UnitTest.csproj", "{945F4374-D583-4261-842B-DB0DC476754F}"
EndProject
Global
	GlobalSection(SolutionConfigurationPlatforms) = preSolution
		Debug|Any CPU = Debug|Any CPU
		Release|Any CPU = Release|Any CPU
	EndGlobalSection
	GlobalSection(ProjectConfigurationPlatforms) = postSolution
		{CFB64B37-E72D-41EA-A324-1E2B605BE0E4}.Debug|Any CPU.ActiveCfg = Debug|Any CPU
		{CFB64B37-E72D-41EA-A324-1E2B605BE0E4}.Debug|Any CPU.Build.0 = Debug|Any CPU
		{CFB64B37-E72D-41EA-A324-1E2B605BE0E4}.Release|Any CPU.ActiveCfg = Release|Any CPU
		{CFB64B37-E72D-41EA-A324-1E2B605BE0E4}.Release|Any CPU.Build.0 = Release|Any CPU
		{67274603-A3E3-4477-8853-A5E2539CFF95}.Debug|Any CPU.ActiveCfg = Debug|Any CPU
		{67274603-A3E3-4477-8853-A5E2539CFF95}.Debug|Any CPU.Build.0 = Debug|Any CPU
		{67274603-A3E3-4477-8853-A5E2539CFF95}.Release|Any CPU.ActiveCfg = Release|Any CPU
		{67274603-A3E3-4477-8853-A5E2539CFF95}.Release|Any CPU.Build.0 = Release|Any CPU
		{67527C1E-9BF5-410F-B4E8-70847721CE25}.Debug|Any CPU.ActiveCfg = Debug|Any CPU
		{67527C1E-9BF5-410F-B4E8-70847721CE25}.Debug|Any CPU.Build.0 = Debug|Any CPU
		{67527C1E-9BF5-410F-B4E8-70847721CE25}.Release|Any CPU.ActiveCfg = Release|Any CPU
		{67527C1E-9BF5-410F-B4E8-70847721CE25}.Release|Any CPU.Build.0 = Release|Any CPU
		{3532A030-AA0E-4987-98E1-8563B4B9CCE0}.Debug|Any CPU.ActiveCfg = Debug|Any CPU
		{3532A030-AA0E-4987-98E1-8563B4B9CCE0}.Debug|Any CPU.Build.0 = Debug|Any CPU
		{3532A030-AA0E-4987-98E1-8563B4B9CCE0}.Release|Any CPU.ActiveCfg = Release|Any CPU
		{3532A030-AA0E-4987-98E1-8563B4B9CCE0}.Release|Any CPU.Build.0 = Release|Any CPU
		{B107637C-30AA-4973-9A08-68966FE4D66D}.Debug|Any CPU.ActiveCfg = Debug|Any CPU
		{B107637C-30AA-4973-9A08-68966FE4D66D}.Debug|Any CPU.Build.0 = Debug|Any CPU
		{B107637C-30AA-4973-9A08-68966FE4D66D}.Release|Any CPU.ActiveCfg = Release|Any CPU
		{B107637C-30AA-4973-9A08-68966FE4D66D}.Release|Any CPU.Build.0 = Release|Any CPU
		{7805B13F-0B51-4D19-89FC-6F95866871E6}.Debug|Any CPU.ActiveCfg = Debug|Any CPU
		{7805B13F-0B51-4D19-89FC-6F95866871E6}.Debug|Any CPU.Build.0 = Debug|Any CPU
		{7805B13F-0B51-4D19-89FC-6F95866871E6}.Release|Any CPU.ActiveCfg = Release|Any CPU
		{7805B13F-0B51-4D19-89FC-6F95866871E6}.Release|Any CPU.Build.0 = Release|Any CPU
		{945F4374-D583-4261-842B-DB0DC476754F}.Debug|Any CPU.ActiveCfg = Debug|Any CPU
		{945F4374-D583-4261-842B-DB0DC476754F}.Debug|Any CPU.Build.0 = Debug|Any CPU
		{945F4374-D583-4261-842B-DB0DC476754F}.Release|Any CPU.ActiveCfg = Release|Any CPU
		{945F4374-D583-4261-842B-DB0DC476754F}.Release|Any CPU.Build.0 = Release|Any CPU
	EndGlobalSection
	GlobalSection(SolutionProperties) = preSolution
		HideSolutionNode = FALSE
	EndGlobalSection
	GlobalSection(ExtensibilityGlobals) = postSolution
		SolutionGuid = {0DE5BA0E-40A5-4568-B893-315C8351E261}
	EndGlobalSection
EndGlobal
